
Microsoft Visual Studio Solution File, Format Version 12.00
# Visual Studio Version 17
VisualStudioVersion = 17.14.36202.13 d17.14
MinimumVisualStudioVersion = 10.0.40219.1
Project("{FAE04EC0-301F-11D3-BF4B-00C04F79EFBC}") = "ApiCoreNet8", "ApiCoreNet8.csproj", "{36B9208D-B309-4083-B732-4A441BD622E7}"
EndProject
Global
	GlobalSection(SolutionConfigurationPlatforms) = preSolution
		Debug|Any CPU = Debug|Any CPU
		Release|Any CPU = Release|Any CPU
	EndGlobalSection
	GlobalSection(ProjectConfigurationPlatforms) = postSolution
		{36B9208D-B309-4083-B732-4A441BD622E7}.Debug|Any CPU.ActiveCfg = Debug|Any CPU
		{36B9208D-B309-4083-B732-4A441BD622E7}.Debug|Any CPU.Build.0 = Debug|Any CPU
		{36B9208D-B309-4083-B732-4A441BD622E7}.Release|Any CPU.ActiveCfg = Release|Any CPU
		{36B9208D-B309-4083-B732-4A441BD622E7}.Release|Any CPU.Build.0 = Release|Any CPU
	EndGlobalSection
	GlobalSection(SolutionProperties) = preSolution
		HideSolutionNode = FALSE
	EndGlobalSection
	GlobalSection(ExtensibilityGlobals) = postSolution
		SolutionGuid = {F1DF6FC0-0330-42BB-ABCE-B9715A595E17}
	EndGlobalSection
EndGlobal
